
Microsoft Visual Studio Solution File, Format Version 11.00
# Visual Studio 2010
Project("{FAE04EC0-301F-11D3-BF4B-00C04F79EFBC}") = "Tetris", "Tetris\Tetris.csproj", "{A89BA0B8-F7BF-421D-BF21-D12733BA1C6E}"
EndProject
Project("{FAE04EC0-301F-11D3-BF4B-00C04F79EFBC}") = "MineSweeping", "MineSweeping\MineSweeping.csproj", "{A6FFF101-6982-4198-8BA6-913C59A00986}"
EndProject
Global
	GlobalSection(SolutionConfigurationPlatforms) = preSolution
		Debug|Any CPU = Debug|Any CPU
		Release|Any CPU = Release|Any CPU
	EndGlobalSection
	GlobalSection(ProjectConfigurationPlatforms) = postSolution
		{A89BA0B8-F7BF-421D-BF21-D12733BA1C6E}.Debug|Any CPU.ActiveCfg = Debug|Any CPU
		{A89BA0B8-F7BF-421D-BF21-D12733BA1C6E}.Debug|Any CPU.Build.0 = Debug|Any CPU
		{A89BA0B8-F7BF-421D-BF21-D12733BA1C6E}.Release|Any CPU.ActiveCfg = Release|Any CPU
		{A89BA0B8-F7BF-421D-BF21-D12733BA1C6E}.Release|Any CPU.Build.0 = Release|Any CPU
		{A6FFF101-6982-4198-8BA6-913C59A00986}.Debug|Any CPU.ActiveCfg = Debug|Any CPU
		{A6FFF101-6982-4198-8BA6-913C59A00986}.Debug|Any CPU.Build.0 = Debug|Any CPU
		{A6FFF101-6982-4198-8BA6-913C59A00986}.Release|Any CPU.ActiveCfg = Release|Any CPU
		{A6FFF101-6982-4198-8BA6-913C59A00986}.Release|Any CPU.Build.0 = Release|Any CPU
	EndGlobalSection
	GlobalSection(SolutionProperties) = preSolution
		HideSolutionNode = FALSE
	EndGlobalSection
EndGlobal
